
Microsoft Visual Studio Solution File, Format Version 12.00
# Visual Studio 15
VisualStudioVersion = 15.0.28010.2050
MinimumVisualStudioVersion = 10.0.40219.1
Project("{FAE04EC0-301F-11D3-BF4B-00C04F79EFBC}") = "MeuBot1", "MeuBot1\MeuBot1.csproj", "{BDF3FD63-527E-4DC2-9C5E-CA4F69F7BD3D}"
EndProject
Global
	GlobalSection(SolutionConfigurationPlatforms) = preSolution
		Debug|Any CPU = Debug|Any CPU
		Release|Any CPU = Release|Any CPU
	EndGlobalSection
	GlobalSection(ProjectConfigurationPlatforms) = postSolution
		{BDF3FD63-527E-4DC2-9C5E-CA4F69F7BD3D}.Debug|Any CPU.ActiveCfg = Debug|Any CPU
		{BDF3FD63-527E-4DC2-9C5E-CA4F69F7BD3D}.Debug|Any CPU.Build.0 = Debug|Any CPU
		{BDF3FD63-527E-4DC2-9C5E-CA4F69F7BD3D}.Release|Any CPU.ActiveCfg = Release|Any CPU
		{BDF3FD63-527E-4DC2-9C5E-CA4F69F7BD3D}.Release|Any CPU.Build.0 = Release|Any CPU
	EndGlobalSection
	GlobalSection(SolutionProperties) = preSolution
		HideSolutionNode = FALSE
	EndGlobalSection
	GlobalSection(ExtensibilityGlobals) = postSolution
		SolutionGuid = {57826E02-BC85-4E42-BB54-ADBBBCE2508E}
	EndGlobalSection
EndGlobal
